
Microsoft Visual Studio Solution File, Format Version 12.00
# Visual Studio Version 17
VisualStudioVersion = 17.9.34701.34
MinimumVisualStudioVersion = 10.0.40219.1
Project("{9A19103F-16F7-4668-BE54-9A1E7A4F7556}") = "Harri.SchoolDemoAPI", "src\Harri.SchoolDemoAPI\Harri.SchoolDemoAPI.csproj", "{6CC1656A-45D4-4616-8E99-33566664F8F4}"
EndProject
Project("{9A19103F-16F7-4668-BE54-9A1E7A4F7556}") = "Harri.SchoolDemoAPI.Models", "src\Harri.SchoolDemoAPI.Models\Harri.SchoolDemoAPI.Models.csproj", "{B8D18F25-F379-4B87-ACCC-F8A17E0AED38}"
EndProject
Project("{2150E333-8FDC-42A3-9474-1A3956D46DE8}") = "Solution Items", "Solution Items", "{4B3534BA-F56A-4187-8EDE-59D852251B4F}"
	ProjectSection(SolutionItems) = preProject
		.editorconfig = .editorconfig
		CodeCoverage.runsettings = CodeCoverage.runsettings
		README.md = README.md
	EndProjectSection
EndProject
Project("{9A19103F-16F7-4668-BE54-9A1E7A4F7556}") = "Harri.SchoolDemoAPI.Client", "src\Harri.SchoolDemoAPI.Client\Harri.SchoolDemoAPI.Client.csproj", "{32AAA739-922B-4D1F-BDBC-6BC79AD212E7}"
EndProject
Project("{9A19103F-16F7-4668-BE54-9A1E7A4F7556}") = "Harri.SchoolDemoAPI.Tests.Contract.Provider", "src\Tests\Contract\Harri.SchoolDemoAPI.Tests.Contract.Provider\Harri.SchoolDemoAPI.Tests.Contract.Provider.csproj", "{C91E9B08-8D27-43BE-83A4-CD9CE85F2C5D}"
EndProject
Project("{9A19103F-16F7-4668-BE54-9A1E7A4F7556}") = "Harri.SchoolDemoAPI.Tests.Contract.Consumer", "src\Tests\Contract\Harri.SchoolDemoAPI.Tests.Contract.Consumer\Harri.SchoolDemoAPI.Tests.Contract.Consumer.csproj", "{F30B47F2-29F0-4939-A44E-AD5139268BDC}"
EndProject
Project("{2150E333-8FDC-42A3-9474-1A3956D46DE8}") = "pacts", "pacts", "{CE982582-20D5-4C27-BFEA-5351F221C5B7}"
EndProject
Project("{2150E333-8FDC-42A3-9474-1A3956D46DE8}") = "Tests", "Tests", "{A6A9243C-8FA3-4D27-9BDB-723520C62049}"
EndProject
Project("{9A19103F-16F7-4668-BE54-9A1E7A4F7556}") = "Harri.SchoolDemoAPI.Tests.Common", "src\Tests\Harri.SchoolDemoAPI.Tests.Common\Harri.SchoolDemoAPI.Tests.Common.csproj", "{6B5FBBC8-6D34-45CF-888C-6C864DEB7477}"
EndProject
Project("{9A19103F-16F7-4668-BE54-9A1E7A4F7556}") = "Harri.SchoolDemoAPI.Tests.E2E", "src\Tests\Harri.SchoolDemoAPI.Tests.E2E\Harri.SchoolDemoAPI.Tests.E2E.csproj", "{70242C75-2155-4D5B-B832-ED5BECDD091A}"
EndProject
Project("{2150E333-8FDC-42A3-9474-1A3956D46DE8}") = "Contract", "Contract", "{D065AD2C-1B32-499B-BD56-186456E922F6}"
EndProject
Project("{9A19103F-16F7-4668-BE54-9A1E7A4F7556}") = "Harri.SchoolDemoAPI.Tests.Unit", "src\Tests\Harri.SchoolDemoAPI.Tests.Unit\Harri.SchoolDemoAPI.Tests.Unit.csproj", "{EFA0EC1E-00F1-460E-ADED-D567871A4316}"
EndProject
Project("{9A19103F-16F7-4668-BE54-9A1E7A4F7556}") = "Harri.SchoolDemoAPI.Tests.Integration", "src\Tests\Harri.SchoolDemoAPI.Tests.Integration\Harri.SchoolDemoAPI.Tests.Integration.csproj", "{5E85C699-E1FF-4A7D-B71F-89A63F6162BF}"
EndProject
Project("{FAE04EC0-301F-11D3-BF4B-00C04F79EFBC}") = "Harri.SchoolDemoAPI.HealthCheckClient", "src\Harri.SchoolDemoAPI.HealthCheckClient\Harri.SchoolDemoAPI.HealthCheckClient.csproj", "{8B8E00DD-773B-45A9-A878-B3601371B412}"
EndProject
Project("{9A19103F-16F7-4668-BE54-9A1E7A4F7556}") = "Harri.SchoolDemoAPI.DatabaseMigrations", "src\Harri.SchoolDemoAPI.DatabaseMigrations\Harri.SchoolDemoAPI.DatabaseMigrations.csproj", "{10E9A6B7-9FC9-46BD-87C4-836C6AA33ADB}"
EndProject
Global
	GlobalSection(SolutionConfigurationPlatforms) = preSolution
		Debug|Any CPU = Debug|Any CPU
		Release|Any CPU = Release|Any CPU
	EndGlobalSection
	GlobalSection(ProjectConfigurationPlatforms) = postSolution
		{6CC1656A-45D4-4616-8E99-33566664F8F4}.Debug|Any CPU.ActiveCfg = Debug|Any CPU
		{6CC1656A-45D4-4616-8E99-33566664F8F4}.Debug|Any CPU.Build.0 = Debug|Any CPU
		{6CC1656A-45D4-4616-8E99-33566664F8F4}.Release|Any CPU.ActiveCfg = Release|Any CPU
		{6CC1656A-45D4-4616-8E99-33566664F8F4}.Release|Any CPU.Build.0 = Release|Any CPU
		{B8D18F25-F379-4B87-ACCC-F8A17E0AED38}.Debug|Any CPU.ActiveCfg = Debug|Any CPU
		{B8D18F25-F379-4B87-ACCC-F8A17E0AED38}.Debug|Any CPU.Build.0 = Debug|Any CPU
		{B8D18F25-F379-4B87-ACCC-F8A17E0AED38}.Release|Any CPU.ActiveCfg = Release|Any CPU
		{B8D18F25-F379-4B87-ACCC-F8A17E0AED38}.Release|Any CPU.Build.0 = Release|Any CPU
		{32AAA739-922B-4D1F-BDBC-6BC79AD212E7}.Debug|Any CPU.ActiveCfg = Debug|Any CPU
		{32AAA739-922B-4D1F-BDBC-6BC79AD212E7}.Debug|Any CPU.Build.0 = Debug|Any CPU
		{32AAA739-922B-4D1F-BDBC-6BC79AD212E7}.Release|Any CPU.ActiveCfg = Release|Any CPU
		{32AAA739-922B-4D1F-BDBC-6BC79AD212E7}.Release|Any CPU.Build.0 = Release|Any CPU
		{C91E9B08-8D27-43BE-83A4-CD9CE85F2C5D}.Debug|Any CPU.ActiveCfg = Debug|Any CPU
		{C91E9B08-8D27-43BE-83A4-CD9CE85F2C5D}.Debug|Any CPU.Build.0 = Debug|Any CPU
		{C91E9B08-8D27-43BE-83A4-CD9CE85F2C5D}.Release|Any CPU.ActiveCfg = Release|Any CPU
		{C91E9B08-8D27-43BE-83A4-CD9CE85F2C5D}.Release|Any CPU.Build.0 = Release|Any CPU
		{F30B47F2-29F0-4939-A44E-AD5139268BDC}.Debug|Any CPU.ActiveCfg = Debug|Any CPU
		{F30B47F2-29F0-4939-A44E-AD5139268BDC}.Debug|Any CPU.Build.0 = Debug|Any CPU
		{F30B47F2-29F0-4939-A44E-AD5139268BDC}.Release|Any CPU.ActiveCfg = Release|Any CPU
		{F30B47F2-29F0-4939-A44E-AD5139268BDC}.Release|Any CPU.Build.0 = Release|Any CPU
		{6B5FBBC8-6D34-45CF-888C-6C864DEB7477}.Debug|Any CPU.ActiveCfg = Debug|Any CPU
		{6B5FBBC8-6D34-45CF-888C-6C864DEB7477}.Debug|Any CPU.Build.0 = Debug|Any CPU
		{6B5FBBC8-6D34-45CF-888C-6C864DEB7477}.Release|Any CPU.ActiveCfg = Release|Any CPU
		{6B5FBBC8-6D34-45CF-888C-6C864DEB7477}.Release|Any CPU.Build.0 = Release|Any CPU
		{70242C75-2155-4D5B-B832-ED5BECDD091A}.Debug|Any CPU.ActiveCfg = Debug|Any CPU
		{70242C75-2155-4D5B-B832-ED5BECDD091A}.Debug|Any CPU.Build.0 = Debug|Any CPU
		{70242C75-2155-4D5B-B832-ED5BECDD091A}.Release|Any CPU.ActiveCfg = Release|Any CPU
		{70242C75-2155-4D5B-B832-ED5BECDD091A}.Release|Any CPU.Build.0 = Release|Any CPU
		{EFA0EC1E-00F1-460E-ADED-D567871A4316}.Debug|Any CPU.ActiveCfg = Debug|Any CPU
		{EFA0EC1E-00F1-460E-ADED-D567871A4316}.Debug|Any CPU.Build.0 = Debug|Any CPU
		{EFA0EC1E-00F1-460E-ADED-D567871A4316}.Release|Any CPU.ActiveCfg = Release|Any CPU
		{EFA0EC1E-00F1-460E-ADED-D567871A4316}.Release|Any CPU.Build.0 = Release|Any CPU
		{5E85C699-E1FF-4A7D-B71F-89A63F6162BF}.Debug|Any CPU.ActiveCfg = Debug|Any CPU
		{5E85C699-E1FF-4A7D-B71F-89A63F6162BF}.Debug|Any CPU.Build.0 = Debug|Any CPU
		{5E85C699-E1FF-4A7D-B71F-89A63F6162BF}.Release|Any CPU.ActiveCfg = Release|Any CPU
		{5E85C699-E1FF-4A7D-B71F-89A63F6162BF}.Release|Any CPU.Build.0 = Release|Any CPU
		{8B8E00DD-773B-45A9-A878-B3601371B412}.Debug|Any CPU.ActiveCfg = Debug|Any CPU
		{8B8E00DD-773B-45A9-A878-B3601371B412}.Debug|Any CPU.Build.0 = Debug|Any CPU
		{8B8E00DD-773B-45A9-A878-B3601371B412}.Release|Any CPU.ActiveCfg = Release|Any CPU
		{8B8E00DD-773B-45A9-A878-B3601371B412}.Release|Any CPU.Build.0 = Release|Any CPU
		{10E9A6B7-9FC9-46BD-87C4-836C6AA33ADB}.Debug|Any CPU.ActiveCfg = Debug|Any CPU
		{10E9A6B7-9FC9-46BD-87C4-836C6AA33ADB}.Debug|Any CPU.Build.0 = Debug|Any CPU
		{10E9A6B7-9FC9-46BD-87C4-836C6AA33ADB}.Release|Any CPU.ActiveCfg = Release|Any CPU
		{10E9A6B7-9FC9-46BD-87C4-836C6AA33ADB}.Release|Any CPU.Build.0 = Release|Any CPU
	EndGlobalSection
	GlobalSection(SolutionProperties) = preSolution
		HideSolutionNode = FALSE
	EndGlobalSection
	GlobalSection(NestedProjects) = preSolution
		{C91E9B08-8D27-43BE-83A4-CD9CE85F2C5D} = {D065AD2C-1B32-499B-BD56-186456E922F6}
		{F30B47F2-29F0-4939-A44E-AD5139268BDC} = {D065AD2C-1B32-499B-BD56-186456E922F6}
		{CE982582-20D5-4C27-BFEA-5351F221C5B7} = {A6A9243C-8FA3-4D27-9BDB-723520C62049}
		{A6A9243C-8FA3-4D27-9BDB-723520C62049} = {4B3534BA-F56A-4187-8EDE-59D852251B4F}
		{6B5FBBC8-6D34-45CF-888C-6C864DEB7477} = {A6A9243C-8FA3-4D27-9BDB-723520C62049}
		{70242C75-2155-4D5B-B832-ED5BECDD091A} = {A6A9243C-8FA3-4D27-9BDB-723520C62049}
		{D065AD2C-1B32-499B-BD56-186456E922F6} = {A6A9243C-8FA3-4D27-9BDB-723520C62049}
		{EFA0EC1E-00F1-460E-ADED-D567871A4316} = {A6A9243C-8FA3-4D27-9BDB-723520C62049}
		{5E85C699-E1FF-4A7D-B71F-89A63F6162BF} = {A6A9243C-8FA3-4D27-9BDB-723520C62049}
	EndGlobalSection
	GlobalSection(ExtensibilityGlobals) = postSolution
		SolutionGuid = {49A5B443-5B70-4589-9543-77862ED9A1E4}
	EndGlobalSection
EndGlobal
